
Microsoft Visual Studio Solution File, Format Version 12.00
# Visual Studio 14
VisualStudioVersion = 14.0.25420.1
MinimumVisualStudioVersion = 10.0.40219.1
Project("{FAE04EC0-301F-11D3-BF4B-00C04F79EFBC}") = "WebService", "WebService\WebService.csproj", "{AD225948-B56D-4576-82FC-A88A95B3BDFC}"
EndProject
Project("{FAE04EC0-301F-11D3-BF4B-00C04F79EFBC}") = "CalculatorWebApp", "CalculatorWebApp\CalculatorWebApp.csproj", "{DD80B33A-F8CE-45B6-8881-D0C0FA082F68}"
	ProjectSection(ProjectDependencies) = postProject
		{AD225948-B56D-4576-82FC-A88A95B3BDFC} = {AD225948-B56D-4576-82FC-A88A95B3BDFC}
	EndProjectSection
EndProject
Global
	GlobalSection(SolutionConfigurationPlatforms) = preSolution
		Debug|Any CPU = Debug|Any CPU
		Release|Any CPU = Release|Any CPU
	EndGlobalSection
	GlobalSection(ProjectConfigurationPlatforms) = postSolution
		{AD225948-B56D-4576-82FC-A88A95B3BDFC}.Debug|Any CPU.ActiveCfg = Debug|Any CPU
		{AD225948-B56D-4576-82FC-A88A95B3BDFC}.Debug|Any CPU.Build.0 = Debug|Any CPU
		{AD225948-B56D-4576-82FC-A88A95B3BDFC}.Release|Any CPU.ActiveCfg = Release|Any CPU
		{AD225948-B56D-4576-82FC-A88A95B3BDFC}.Release|Any CPU.Build.0 = Release|Any CPU
		{DD80B33A-F8CE-45B6-8881-D0C0FA082F68}.Debug|Any CPU.ActiveCfg = Debug|Any CPU
		{DD80B33A-F8CE-45B6-8881-D0C0FA082F68}.Debug|Any CPU.Build.0 = Debug|Any CPU
		{DD80B33A-F8CE-45B6-8881-D0C0FA082F68}.Release|Any CPU.ActiveCfg = Release|Any CPU
		{DD80B33A-F8CE-45B6-8881-D0C0FA082F68}.Release|Any CPU.Build.0 = Release|Any CPU
	EndGlobalSection
	GlobalSection(SolutionProperties) = preSolution
		HideSolutionNode = FALSE
	EndGlobalSection
EndGlobal
